
Microsoft Visual Studio Solution File, Format Version 12.00
# Visual Studio Version 17
VisualStudioVersion = 17.14.36429.23 d17.14
MinimumVisualStudioVersion = 10.0.40219.1
Project("{FAE04EC0-301F-11D3-BF4B-00C04F79EFBC}") = "Hospital.Web", "Hospital.Web\Hospital.Web.csproj", "{2FFC5397-E029-4710-B4B9-47E16A70EC5A}"
EndProject
Project("{FAE04EC0-301F-11D3-BF4B-00C04F79EFBC}") = "Hospital.Models", "Hospital.Models\Hospital.Models.csproj", "{B7521A1D-A9B0-4F32-AD6C-6324D1DF4A28}"
EndProject
Project("{FAE04EC0-301F-11D3-BF4B-00C04F79EFBC}") = "Hospital.ViewModels", "Hospital.ViewModels\Hospital.ViewModels.csproj", "{EC7B3BB8-BFC7-4CAB-A4A7-9C6BDB7B7064}"
EndProject
Project("{FAE04EC0-301F-11D3-BF4B-00C04F79EFBC}") = "Hospital.Repositories", "Hospital.Repositories\Hospital.Repositories.csproj", "{3378CBDB-CD85-4772-9D7F-0D82758FBF75}"
EndProject
Project("{FAE04EC0-301F-11D3-BF4B-00C04F79EFBC}") = "Hospital.Services", "Hospital.Services\Hospital.Services.csproj", "{CD0FDE39-7EAB-4300-8942-95C83BACF053}"
EndProject
Project("{FAE04EC0-301F-11D3-BF4B-00C04F79EFBC}") = "Hospital.Utilities", "Hospital.Utilities\Hospital.Utilities.csproj", "{BD9B0227-3955-4D86-B556-7DCFE80CB03C}"
EndProject
Global
	GlobalSection(SolutionConfigurationPlatforms) = preSolution
		Debug|Any CPU = Debug|Any CPU
		Release|Any CPU = Release|Any CPU
	EndGlobalSection
	GlobalSection(ProjectConfigurationPlatforms) = postSolution
		{2FFC5397-E029-4710-B4B9-47E16A70EC5A}.Debug|Any CPU.ActiveCfg = Debug|Any CPU
		{2FFC5397-E029-4710-B4B9-47E16A70EC5A}.Debug|Any CPU.Build.0 = Debug|Any CPU
		{2FFC5397-E029-4710-B4B9-47E16A70EC5A}.Release|Any CPU.ActiveCfg = Release|Any CPU
		{2FFC5397-E029-4710-B4B9-47E16A70EC5A}.Release|Any CPU.Build.0 = Release|Any CPU
		{B7521A1D-A9B0-4F32-AD6C-6324D1DF4A28}.Debug|Any CPU.ActiveCfg = Debug|Any CPU
		{B7521A1D-A9B0-4F32-AD6C-6324D1DF4A28}.Debug|Any CPU.Build.0 = Debug|Any CPU
		{B7521A1D-A9B0-4F32-AD6C-6324D1DF4A28}.Release|Any CPU.ActiveCfg = Release|Any CPU
		{B7521A1D-A9B0-4F32-AD6C-6324D1DF4A28}.Release|Any CPU.Build.0 = Release|Any CPU
		{EC7B3BB8-BFC7-4CAB-A4A7-9C6BDB7B7064}.Debug|Any CPU.ActiveCfg = Debug|Any CPU
		{EC7B3BB8-BFC7-4CAB-A4A7-9C6BDB7B7064}.Debug|Any CPU.Build.0 = Debug|Any CPU
		{EC7B3BB8-BFC7-4CAB-A4A7-9C6BDB7B7064}.Release|Any CPU.ActiveCfg = Release|Any CPU
		{EC7B3BB8-BFC7-4CAB-A4A7-9C6BDB7B7064}.Release|Any CPU.Build.0 = Release|Any CPU
		{3378CBDB-CD85-4772-9D7F-0D82758FBF75}.Debug|Any CPU.ActiveCfg = Debug|Any CPU
		{3378CBDB-CD85-4772-9D7F-0D82758FBF75}.Debug|Any CPU.Build.0 = Debug|Any CPU
		{3378CBDB-CD85-4772-9D7F-0D82758FBF75}.Release|Any CPU.ActiveCfg = Release|Any CPU
		{3378CBDB-CD85-4772-9D7F-0D82758FBF75}.Release|Any CPU.Build.0 = Release|Any CPU
		{CD0FDE39-7EAB-4300-8942-95C83BACF053}.Debug|Any CPU.ActiveCfg = Debug|Any CPU
		{CD0FDE39-7EAB-4300-8942-95C83BACF053}.Debug|Any CPU.Build.0 = Debug|Any CPU
		{CD0FDE39-7EAB-4300-8942-95C83BACF053}.Release|Any CPU.ActiveCfg = Release|Any CPU
		{CD0FDE39-7EAB-4300-8942-95C83BACF053}.Release|Any CPU.Build.0 = Release|Any CPU
		{BD9B0227-3955-4D86-B556-7DCFE80CB03C}.Debug|Any CPU.ActiveCfg = Debug|Any CPU
		{BD9B0227-3955-4D86-B556-7DCFE80CB03C}.Debug|Any CPU.Build.0 = Debug|Any CPU
		{BD9B0227-3955-4D86-B556-7DCFE80CB03C}.Release|Any CPU.ActiveCfg = Release|Any CPU
		{BD9B0227-3955-4D86-B556-7DCFE80CB03C}.Release|Any CPU.Build.0 = Release|Any CPU
	EndGlobalSection
	GlobalSection(SolutionProperties) = preSolution
		HideSolutionNode = FALSE
	EndGlobalSection
	GlobalSection(ExtensibilityGlobals) = postSolution
		SolutionGuid = {CC9626C3-A5A4-43B7-8BFA-8C364469CA40}
	EndGlobalSection
EndGlobal
